
Microsoft Visual Studio Solution File, Format Version 12.00
# Visual Studio 14
VisualStudioVersion = 14.0.25420.1
MinimumVisualStudioVersion = 10.0.40219.1
Project("{FAE04EC0-301F-11D3-BF4B-00C04F79EFBC}") = "DapperLearning", "DapperLearning\DapperLearning.csproj", "{3144A0DE-B7A4-41EF-B305-8EC369D4DB17}"
EndProject
Project("{FAE04EC0-301F-11D3-BF4B-00C04F79EFBC}") = "DapperConsumer", "DapperConsumer\DapperConsumer.csproj", "{4D424EE1-4015-4749-9E30-FA1594798FFB}"
EndProject
Global
	GlobalSection(SolutionConfigurationPlatforms) = preSolution
		Debug|Any CPU = Debug|Any CPU
		Release|Any CPU = Release|Any CPU
	EndGlobalSection
	GlobalSection(ProjectConfigurationPlatforms) = postSolution
		{3144A0DE-B7A4-41EF-B305-8EC369D4DB17}.Debug|Any CPU.ActiveCfg = Debug|Any CPU
		{3144A0DE-B7A4-41EF-B305-8EC369D4DB17}.Debug|Any CPU.Build.0 = Debug|Any CPU
		{3144A0DE-B7A4-41EF-B305-8EC369D4DB17}.Release|Any CPU.ActiveCfg = Release|Any CPU
		{3144A0DE-B7A4-41EF-B305-8EC369D4DB17}.Release|Any CPU.Build.0 = Release|Any CPU
		{4D424EE1-4015-4749-9E30-FA1594798FFB}.Debug|Any CPU.ActiveCfg = Debug|Any CPU
		{4D424EE1-4015-4749-9E30-FA1594798FFB}.Debug|Any CPU.Build.0 = Debug|Any CPU
		{4D424EE1-4015-4749-9E30-FA1594798FFB}.Release|Any CPU.ActiveCfg = Release|Any CPU
		{4D424EE1-4015-4749-9E30-FA1594798FFB}.Release|Any CPU.Build.0 = Release|Any CPU
	EndGlobalSection
	GlobalSection(SolutionProperties) = preSolution
		HideSolutionNode = FALSE
	EndGlobalSection
EndGlobal
